
Microsoft Visual Studio Solution File, Format Version 12.00
# Visual Studio 15
VisualStudioVersion = 15.0.26730.16
MinimumVisualStudioVersion = 10.0.40219.1
Project("{FAE04EC0-301F-11D3-BF4B-00C04F79EFBC}") = "CotacaoBC.Console", "CotacaoBC.Console\CotacaoBC.Console.csproj", "{B0299C42-61DD-40B6-80D3-F7A666EA7BCD}"
EndProject
Global
	GlobalSection(SolutionConfigurationPlatforms) = preSolution
		Debug|Any CPU = Debug|Any CPU
		Release|Any CPU = Release|Any CPU
	EndGlobalSection
	GlobalSection(ProjectConfigurationPlatforms) = postSolution
		{B0299C42-61DD-40B6-80D3-F7A666EA7BCD}.Debug|Any CPU.ActiveCfg = Debug|Any CPU
		{B0299C42-61DD-40B6-80D3-F7A666EA7BCD}.Debug|Any CPU.Build.0 = Debug|Any CPU
		{B0299C42-61DD-40B6-80D3-F7A666EA7BCD}.Release|Any CPU.ActiveCfg = Release|Any CPU
		{B0299C42-61DD-40B6-80D3-F7A666EA7BCD}.Release|Any CPU.Build.0 = Release|Any CPU
	EndGlobalSection
	GlobalSection(SolutionProperties) = preSolution
		HideSolutionNode = FALSE
	EndGlobalSection
	GlobalSection(ExtensibilityGlobals) = postSolution
		SolutionGuid = {09C48C21-051B-45D6-A38F-0FE81A48A205}
	EndGlobalSection
EndGlobal
